// !$*UTF8*$!
{
	archiveVersion = 1;
	classes = {
	};
	objectVersion = 55;
	objects = {

/* Begin PBXBuildFile section */
		CAB718492BF2CFB600D65539 /* AppDelegate.swift in Sources */ = {isa = PBXBuildFile; fileRef = CAB718482BF2CFB600D65539 /* AppDelegate.swift */; };
		CAB7184B2BF2CFB600D65539 /* SceneDelegate.swift in Sources */ = {isa = PBXBuildFile; fileRef = CAB7184A2BF2CFB600D65539 /* SceneDelegate.swift */; };
		CAB7184D2BF2CFB600D65539 /* ViewController.swift in Sources */ = {isa = PBXBuildFile; fileRef = CAB7184C2BF2CFB600D65539 /* ViewController.swift */; };
		CAB718502BF2CFB600D65539 /* Main.storyboard in Resources */ = {isa = PBXBuildFile; fileRef = CAB7184E2BF2CFB600D65539 /* Main.storyboard */; };
		CAB718522BF2CFB900D65539 /* Assets.xcassets in Resources */ = {isa = PBXBuildFile; fileRef = CAB718512BF2CFB900D65539 /* Assets.xcassets */; };
		CAB718552BF2CFB900D65539 /* LaunchScreen.storyboard in Resources */ = {isa = PBXBuildFile; fileRef = CAB718532BF2CFB900D65539 /* LaunchScreen.storyboard */; };
		CAB718602BF2CFB900D65539 /* UrquizoSoundBoardTests.swift in Sources */ = {isa = PBXBuildFile; fileRef = CAB7185F2BF2CFB900D65539 /* UrquizoSoundBoardTests.swift */; };
		CAB7186A2BF2CFB900D65539 /* UrquizoSoundBoardUITests.swift in Sources */ = {isa = PBXBuildFile; fileRef = CAB718692BF2CFB900D65539 /* UrquizoSoundBoardUITests.swift */; };
		CAB7186C2BF2CFB900D65539 /* UrquizoSoundBoardUITestsLaunchTests.swift in Sources */ = {isa = PBXBuildFile; fileRef = CAB7186B2BF2CFB900D65539 /* UrquizoSoundBoardUITestsLaunchTests.swift */; };
/* End PBXBuildFile section */

/* Begin PBXContainerItemProxy section */
		CAB7185C2BF2CFB900D65539 /* PBXContainerItemProxy */ = {
			isa = PBXContainerItemProxy;
			containerPortal = CAB7183D2BF2CFB600D65539 /* Project object */;
			proxyType = 1;
			remoteGlobalIDString = CAB718442BF2CFB600D65539;
			remoteInfo = UrquizoSoundBoard;
		};
		CAB718662BF2CFB900D65539 /* PBXContainerItemProxy */ = {
			isa = PBXContainerItemProxy;
			containerPortal = CAB7183D2BF2CFB600D65539 /* Project object */;
			proxyType = 1;
			remoteGlobalIDString = CAB718442BF2CFB600D65539;
			remoteInfo = UrquizoSoundBoard;
		};
/* End PBXContainerItemProxy section */

/* Begin PBXFileReference section */
		CAB718452BF2CFB600D65539 /* UrquizoSoundBoard.app */ = {isa = PBXFileReference; explicitFileType = wrapper.application; includeInIndex = 0; path = UrquizoSoundBoard.app; sourceTree = BUILT_PRODUCTS_DIR; };
		CAB718482BF2CFB600D65539 /* AppDelegate.swift */ = {isa = PBXFileReference; lastKnownFileType = sourcecode.swift; path = AppDelegate.swift; sourceTree = "<group>"; };
		CAB7184A2BF2CFB600D65539 /* SceneDelegate.swift */ = {isa = PBXFileReference; lastKnownFileType = sourcecode.swift; path = SceneDelegate.swift; sourceTree = "<group>"; };
		CAB7184C2BF2CFB600D65539 /* ViewController.swift */ = {isa = PBXFileReference; lastKnownFileType = sourcecode.swift; path = ViewController.swift; sourceTree = "<group>"; };
		CAB7184F2BF2CFB600D65539 /* Base */ = {isa = PBXFileReference; lastKnownFileType = file.storyboard; name = Base; path = Base.lproj/Main.storyboard; sourceTree = "<group>"; };
		CAB718512BF2CFB900D65539 /* Assets.xcassets */ = {isa = PBXFileReference; lastKnownFileType = folder.assetcatalog; path = Assets.xcassets; sourceTree = "<group>"; };
		CAB718542BF2CFB900D65539 /* Base */ = {isa = PBXFileReference; lastKnownFileType = file.storyboard; name = Base; path = Base.lproj/LaunchScreen.storyboard; sourceTree = "<group>"; };
		CAB718562BF2CFB900D65539 /* Info.plist */ = {isa = PBXFileReference; lastKnownFileType = text.plist.xml; path = Info.plist; sourceTree = "<group>"; };
		CAB7185B2BF2CFB900D65539 /* UrquizoSoundBoardTests.xctest */ = {isa = PBXFileReference; explicitFileType = wrapper.cfbundle; includeInIndex = 0; path = UrquizoSoundBoardTests.xctest; sourceTree = BUILT_PRODUCTS_DIR; };
		CAB7185F2BF2CFB900D65539 /* UrquizoSoundBoardTests.swift */ = {isa = PBXFileReference; lastKnownFileType = sourcecode.swift; path = UrquizoSoundBoardTests.swift; sourceTree = "<group>"; };
		CAB718652BF2CFB900D65539 /* UrquizoSoundBoardUITests.xctest */ = {isa = PBXFileReference; explicitFileType = wrapper.cfbundle; includeInIndex = 0; path = UrquizoSoundBoardUITests.xctest; sourceTree = BUILT_PRODUCTS_DIR; };
		CAB718692BF2CFB900D65539 /* UrquizoSoundBoardUITests.swift */ = {isa = PBXFileReference; lastKnownFileType = sourcecode.swift; path = UrquizoSoundBoardUITests.swift; sourceTree = "<group>"; };
		CAB7186B2BF2CFB900D65539 /* UrquizoSoundBoardUITestsLaunchTests.swift */ = {isa = PBXFileReference; lastKnownFileType = sourcecode.swift; path = UrquizoSoundBoardUITestsLaunchTests.swift; sourceTree = "<group>"; };
/* End PBXFileReference section */

/* Begin PBXFrameworksBuildPhase section */
		CAB718422BF2CFB600D65539 /* Frameworks */ = {
			isa = PBXFrameworksBuildPhase;
			buildActionMask = 2147483647;
			files = (
			);
			runOnlyForDeploymentPostprocessing = 0;
		};
		CAB718582BF2CFB900D65539 /* Frameworks */ = {
			isa = PBXFrameworksBuildPhase;
			buildActionMask = 2147483647;
			files = (
			);
			runOnlyForDeploymentPostprocessing = 0;
		};
		CAB718622BF2CFB900D65539 /* Frameworks */ = {
			isa = PBXFrameworksBuildPhase;
			buildActionMask = 2147483647;
			files = (
			);
			runOnlyForDeploymentPostprocessing = 0;
		};
/* End PBXFrameworksBuildPhase section */

/* Begin PBXGroup section */
		CAB7183C2BF2CFB600D65539 = {
			isa = PBXGroup;
			children = (
				CAB718472BF2CFB600D65539 /* UrquizoSoundBoard */,
				CAB7185E2BF2CFB900D65539 /* UrquizoSoundBoardTests */,
				CAB718682BF2CFB900D65539 /* UrquizoSoundBoardUITests */,
				CAB718462BF2CFB600D65539 /* Products */,
			);
			sourceTree = "<group>";
		};
		CAB718462BF2CFB600D65539 /* Products */ = {
			isa = PBXGroup;
			children = (
				CAB718452BF2CFB600D65539 /* UrquizoSoundBoard.app */,
				CAB7185B2BF2CFB900D65539 /* UrquizoSoundBoardTests.xctest */,
				CAB718652BF2CFB900D65539 /* UrquizoSoundBoardUITests.xctest */,
			);
			name = Products;
			sourceTree = "<group>";
		};
		CAB718472BF2CFB600D65539 /* UrquizoSoundBoard */ = {
			isa = PBXGroup;
			children = (
				CAB718482BF2CFB600D65539 /* AppDelegate.swift */,
				CAB7184A2BF2CFB600D65539 /* SceneDelegate.swift */,
				CAB7184C2BF2CFB600D65539 /* ViewController.swift */,
				CAB7184E2BF2CFB600D65539 /* Main.storyboard */,
				CAB718512BF2CFB900D65539 /* Assets.xcassets */,
				CAB718532BF2CFB900D65539 /* LaunchScreen.storyboard */,
				CAB718562BF2CFB900D65539 /* Info.plist */,
			);
			path = UrquizoSoundBoard;
			sourceTree = "<group>";
		};
		CAB7185E2BF2CFB900D65539 /* UrquizoSoundBoardTests */ = {
			isa = PBXGroup;
			children = (
				CAB7185F2BF2CFB900D65539 /* UrquizoSoundBoardTests.swift */,
			);
			path = UrquizoSoundBoardTests;
			sourceTree = "<group>";
		};
		CAB718682BF2CFB900D65539 /* UrquizoSoundBoardUITests */ = {
			isa = PBXGroup;
			children = (
				CAB718692BF2CFB900D65539 /* UrquizoSoundBoardUITests.swift */,
				CAB7186B2BF2CFB900D65539 /* UrquizoSoundBoardUITestsLaunchTests.swift */,
			);
			path = UrquizoSoundBoardUITests;
			sourceTree = "<group>";
		};
/* End PBXGroup section */

/* Begin PBXNativeTarget section */
		CAB718442BF2CFB600D65539 /* UrquizoSoundBoard */ = {
			isa = PBXNativeTarget;
			buildConfigurationList = CAB7186F2BF2CFB900D65539 /* Build configuration list for PBXNativeTarget "UrquizoSoundBoard" */;
			buildPhases = (
				CAB718412BF2CFB600D65539 /* Sources */,
				CAB718422BF2CFB600D65539 /* Frameworks */,
				CAB718432BF2CFB600D65539 /* Resources */,
			);
			buildRules = (
			);
			dependencies = (
			);
			name = UrquizoSoundBoard;
			productName = UrquizoSoundBoard;
			productReference = CAB718452BF2CFB600D65539 /* UrquizoSoundBoard.app */;
			productType = "com.apple.product-type.application";
		};
		CAB7185A2BF2CFB900D65539 /* UrquizoSoundBoardTests */ = {
			isa = PBXNativeTarget;
			buildConfigurationList = CAB718722BF2CFB900D65539 /* Build configuration list for PBXNativeTarget "UrquizoSoundBoardTests" */;
			buildPhases = (
				CAB718572BF2CFB900D65539 /* Sources */,
				CAB718582BF2CFB900D65539 /* Frameworks */,
				CAB718592BF2CFB900D65539 /* Resources */,
			);
			buildRules = (
			);
			dependencies = (
				CAB7185D2BF2CFB900D65539 /* PBXTargetDependency */,
			);
			name = UrquizoSoundBoardTests;
			productName = UrquizoSoundBoardTests;
			productReference = CAB7185B2BF2CFB900D65539 /* UrquizoSoundBoardTests.xctest */;
			productType = "com.apple.product-type.bundle.unit-test";
		};
		CAB718642BF2CFB900D65539 /* UrquizoSoundBoardUITests */ = {
			isa = PBXNativeTarget;
			buildConfigurationList = CAB718752BF2CFB900D65539 /* Build configuration list for PBXNativeTarget "UrquizoSoundBoardUITests" */;
			buildPhases = (
				CAB718612BF2CFB900D65539 /* Sources */,
				CAB718622BF2CFB900D65539 /* Frameworks */,
				CAB718632BF2CFB900D65539 /* Resources */,
			);
			buildRules = (
			);
			dependencies = (
				CAB718672BF2CFB900D65539 /* PBXTargetDependency */,
			);
			name = UrquizoSoundBoardUITests;
			productName = UrquizoSoundBoardUITests;
			productReference = CAB718652BF2CFB900D65539 /* UrquizoSoundBoardUITests.xctest */;
			productType = "com.apple.product-type.bundle.ui-testing";
		};
/* End PBXNativeTarget section */

/* Begin PBXProject section */
		CAB7183D2BF2CFB600D65539 /* Project object */ = {
			isa = PBXProject;
			attributes = {
				BuildIndependentTargetsInParallel = 1;
				LastSwiftUpdateCheck = 1330;
				LastUpgradeCheck = 1330;
				TargetAttributes = {
					CAB718442BF2CFB600D65539 = {
						CreatedOnToolsVersion = 13.3;
					};
					CAB7185A2BF2CFB900D65539 = {
						CreatedOnToolsVersion = 13.3;
						TestTargetID = CAB718442BF2CFB600D65539;
					};
					CAB718642BF2CFB900D65539 = {
						CreatedOnToolsVersion = 13.3;
						TestTargetID = CAB718442BF2CFB600D65539;
					};
				};
			};
			buildConfigurationList = CAB718402BF2CFB600D65539 /* Build configuration list for PBXProject "UrquizoSoundBoard" */;
			compatibilityVersion = "Xcode 13.0";
			developmentRegion = en;
			hasScannedForEncodings = 0;
			knownRegions = (
				en,
				Base,
			);
			mainGroup = CAB7183C2BF2CFB600D65539;
			productRefGroup = CAB718462BF2CFB600D65539 /* Products */;
			projectDirPath = "";
			projectRoot = "";
			targets = (
				CAB718442BF2CFB600D65539 /* UrquizoSoundBoard */,
				CAB7185A2BF2CFB900D65539 /* UrquizoSoundBoardTests */,
				CAB718642BF2CFB900D65539 /* UrquizoSoundBoardUITests */,
			);
		};
/* End PBXProject section */

/* Begin PBXResourcesBuildPhase section */
		CAB718432BF2CFB600D65539 /* Resources */ = {
			isa = PBXResourcesBuildPhase;
			buildActionMask = 2147483647;
			files = (
				CAB718552BF2CFB900D65539 /* LaunchScreen.storyboard in Resources */,
				CAB718522BF2CFB900D65539 /* Assets.xcassets in Resources */,
				CAB718502BF2CFB600D65539 /* Main.storyboard in Resources */,
			);
			runOnlyForDeploymentPostprocessing = 0;
		};
		CAB718592BF2CFB900D65539 /* Resources */ = {
			isa = PBXResourcesBuildPhase;
			buildActionMask = 2147483647;
			files = (
			);
			runOnlyForDeploymentPostprocessing = 0;
		};
		CAB718632BF2CFB900D65539 /* Resources */ = {
			isa = PBXResourcesBuildPhase;
			buildActionMask = 2147483647;
			files = (
			);
			runOnlyForDeploymentPostprocessing = 0;
		};
/* End PBXResourcesBuildPhase section */

/* Begin PBXSourcesBuildPhase section */
		CAB718412BF2CFB600D65539 /* Sources */ = {
			isa = PBXSourcesBuildPhase;
			buildActionMask = 2147483647;
			files = (
				CAB7184D2BF2CFB600D65539 /* ViewController.swift in Sources */,
				CAB718492BF2CFB600D65539 /* AppDelegate.swift in Sources */,
				CAB7184B2BF2CFB600D65539 /* SceneDelegate.swift in Sources */,
			);
			runOnlyForDeploymentPostprocessing = 0;
		};
		CAB718572BF2CFB900D65539 /* Sources */ = {
			isa = PBXSourcesBuildPhase;
			buildActionMask = 2147483647;
			files = (
				CAB718602BF2CFB900D65539 /* UrquizoSoundBoardTests.swift in Sources */,
			);
			runOnlyForDeploymentPostprocessing = 0;
		};
		CAB718612BF2CFB900D65539 /* Sources */ = {
			isa = PBXSourcesBuildPhase;
			buildActionMask = 2147483647;
			files = (
				CAB7186A2BF2CFB900D65539 /* UrquizoSoundBoardUITests.swift in Sources */,
				CAB7186C2BF2CFB900D65539 /* UrquizoSoundBoardUITestsLaunchTests.swift in Sources */,
			);
			runOnlyForDeploymentPostprocessing = 0;
		};
/* End PBXSourcesBuildPhase section */

/* Begin PBXTargetDependency section */
		CAB7185D2BF2CFB900D65539 /* PBXTargetDependency */ = {
			isa = PBXTargetDependency;
			target = CAB718442BF2CFB600D65539 /* UrquizoSoundBoard */;
			targetProxy = CAB7185C2BF2CFB900D65539 /* PBXContainerItemProxy */;
		};
		CAB718672BF2CFB900D65539 /* PBXTargetDependency */ = {
			isa = PBXTargetDependency;
			target = CAB718442BF2CFB600D65539 /* UrquizoSoundBoard */;
			targetProxy = CAB718662BF2CFB900D65539 /* PBXContainerItemProxy */;
		};
/* End PBXTargetDependency section */

/* Begin PBXVariantGroup section */
		CAB7184E2BF2CFB600D65539 /* Main.storyboard */ = {
			isa = PBXVariantGroup;
			children = (
				CAB7184F2BF2CFB600D65539 /* Base */,
			);
			name = Main.storyboard;
			sourceTree = "<group>";
		};
		CAB718532BF2CFB900D65539 /* LaunchScreen.storyboard */ = {
			isa = PBXVariantGroup;
			children = (
				CAB718542BF2CFB900D65539 /* Base */,
			);
			name = LaunchScreen.storyboard;
			sourceTree = "<group>";
		};
/* End PBXVariantGroup section */

/* Begin XCBuildConfiguration section */
		CAB7186D2BF2CFB900D65539 /* Debug */ = {
			isa = XCBuildConfiguration;
			buildSettings = {
				ALWAYS_SEARCH_USER_PATHS = NO;
				CLANG_ANALYZER_NONNULL = YES;
				CLANG_ANALYZER_NUMBER_OBJECT_CONVERSION = YES_AGGRESSIVE;
				CLANG_CXX_LANGUAGE_STANDARD = "gnu++17";
				CLANG_ENABLE_MODULES = YES;
				CLANG_ENABLE_OBJC_ARC = YES;
				CLANG_ENABLE_OBJC_WEAK = YES;
				CLANG_WARN_BLOCK_CAPTURE_AUTORELEASING = YES;
				CLANG_WARN_BOOL_CONVERSION = YES;
				CLANG_WARN_COMMA = YES;
				CLANG_WARN_CONSTANT_CONVERSION = YES;
				CLANG_WARN_DEPRECATED_OBJC_IMPLEMENTATIONS = YES;
				CLANG_WARN_DIRECT_OBJC_ISA_USAGE = YES_ERROR;
				CLANG_WARN_DOCUMENTATION_COMMENTS = YES;
				CLANG_WARN_EMPTY_BODY = YES;
				CLANG_WARN_ENUM_CONVERSION = YES;
				CLANG_WARN_INFINITE_RECURSION = YES;
				CLANG_WARN_INT_CONVERSION = YES;
				CLANG_WARN_NON_LITERAL_NULL_CONVERSION = YES;
				CLANG_WARN_OBJC_IMPLICIT_RETAIN_SELF = YES;
				CLANG_WARN_OBJC_LITERAL_CONVERSION = YES;
				CLANG_WARN_OBJC_ROOT_CLASS = YES_ERROR;
				CLANG_WARN_QUOTED_INCLUDE_IN_FRAMEWORK_HEADER = YES;
				CLANG_WARN_RANGE_LOOP_ANALYSIS = YES;
				CLANG_WARN_STRICT_PROTOTYPES = YES;
				CLANG_WARN_SUSPICIOUS_MOVE = YES;
				CLANG_WARN_UNGUARDED_AVAILABILITY = YES_AGGRESSIVE;
				CLANG_WARN_UNREACHABLE_CODE = YES;
				CLANG_WARN__DUPLICATE_METHOD_MATCH = YES;
				COPY_PHASE_STRIP = NO;
				DEBUG_INFORMATION_FORMAT = dwarf;
				ENABLE_STRICT_OBJC_MSGSEND = YES;
				ENABLE_TESTABILITY = YES;
				GCC_C_LANGUAGE_STANDARD = gnu11;
				GCC_DYNAMIC_NO_PIC = NO;
				GCC_NO_COMMON_BLOCKS = YES;
				GCC_OPTIMIZATION_LEVEL = 0;
				GCC_PREPROCESSOR_DEFINITIONS = (
					"DEBUG=1",
					"$(inherited)",
				);
				GCC_WARN_64_TO_32_BIT_CONVERSION = YES;
				GCC_WARN_ABOUT_RETURN_TYPE = YES_ERROR;
				GCC_WARN_UNDECLARED_SELECTOR = YES;
				GCC_WARN_UNINITIALIZED_AUTOS = YES_AGGRESSIVE;
				GCC_WARN_UNUSED_FUNCTION = YES;
				GCC_WARN_UNUSED_VARIABLE = YES;
				IPHONEOS_DEPLOYMENT_TARGET = 15.4;
				MTL_ENABLE_DEBUG_INFO = INCLUDE_SOURCE;
				MTL_FAST_MATH = YES;
				ONLY_ACTIVE_ARCH = YES;
				SDKROOT = iphoneos;
				SWIFT_ACTIVE_COMPILATION_CONDITIONS = DEBUG;
				SWIFT_OPTIMIZATION_LEVEL = "-Onone";
			};
			name = Debug;
		};
		CAB7186E2BF2CFB900D65539 /* Release */ = {
			isa = XCBuildConfiguration;
			buildSettings = {
				ALWAYS_SEARCH_USER_PATHS = NO;
				CLANG_ANALYZER_NONNULL = YES;
				CLANG_ANALYZER_NUMBER_OBJECT_CONVERSION = YES_AGGRESSIVE;
				CLANG_CXX_LANGUAGE_STANDARD = "gnu++17";
				CLANG_ENABLE_MODULES = YES;
				CLANG_ENABLE_OBJC_ARC = YES;
				CLANG_ENABLE_OBJC_WEAK = YES;
				CLANG_WARN_BLOCK_CAPTURE_AUTORELEASING = YES;
				CLANG_WARN_BOOL_CONVERSION = YES;
				CLANG_WARN_COMMA = YES;
				CLANG_WARN_CONSTANT_CONVERSION = YES;
				CLANG_WARN_DEPRECATED_OBJC_IMPLEMENTATIONS = YES;
				CLANG_WARN_DIRECT_OBJC_ISA_USAGE = YES_ERROR;
				CLANG_WARN_DOCUMENTATION_COMMENTS = YES;
				CLANG_WARN_EMPTY_BODY = YES;
				CLANG_WARN_ENUM_CONVERSION = YES;
				CLANG_WARN_INFINITE_RECURSION = YES;
				CLANG_WARN_INT_CONVERSION = YES;
				CLANG_WARN_NON_LITERAL_NULL_CONVERSION = YES;
				CLANG_WARN_OBJC_IMPLICIT_RETAIN_SELF = YES;
				CLANG_WARN_OBJC_LITERAL_CONVERSION = YES;
				CLANG_WARN_OBJC_ROOT_CLASS = YES_ERROR;
				CLANG_WARN_QUOTED_INCLUDE_IN_FRAMEWORK_HEADER = YES;
				CLANG_WARN_RANGE_LOOP_ANALYSIS = YES;
				CLANG_WARN_STRICT_PROTOTYPES = YES;
				CLANG_WARN_SUSPICIOUS_MOVE = YES;
				CLANG_WARN_UNGUARDED_AVAILABILITY = YES_AGGRESSIVE;
				CLANG_WARN_UNREACHABLE_CODE = YES;
				CLANG_WARN__DUPLICATE_METHOD_MATCH = YES;
				COPY_PHASE_STRIP = NO;
				DEBUG_INFORMATION_FORMAT = "dwarf-with-dsym";
				ENABLE_NS_ASSERTIONS = NO;
				ENABLE_STRICT_OBJC_MSGSEND = YES;
				GCC_C_LANGUAGE_STANDARD = gnu11;
				GCC_NO_COMMON_BLOCKS = YES;
				GCC_WARN_64_TO_32_BIT_CONVERSION = YES;
				GCC_WARN_ABOUT_RETURN_TYPE = YES_ERROR;
				GCC_WARN_UNDECLARED_SELECTOR = YES;
				GCC_WARN_UNINITIALIZED_AUTOS = YES_AGGRESSIVE;
				GCC_WARN_UNUSED_FUNCTION = YES;
				GCC_WARN_UNUSED_VARIABLE = YES;
				IPHONEOS_DEPLOYMENT_TARGET = 15.4;
				MTL_ENABLE_DEBUG_INFO = NO;
				MTL_FAST_MATH = YES;
				SDKROOT = iphoneos;
				SWIFT_COMPILATION_MODE = wholemodule;
				SWIFT_OPTIMIZATION_LEVEL = "-O";
				VALIDATE_PRODUCT = YES;
			};
			name = Release;
		};
		CAB718702BF2CFB900D65539 /* Debug */ = {
			isa = XCBuildConfiguration;
			buildSettings = {
				ASSETCATALOG_COMPILER_APPICON_NAME = AppIcon;
				ASSETCATALOG_COMPILER_GLOBAL_ACCENT_COLOR_NAME = AccentColor;
				CODE_SIGN_STYLE = Automatic;
				CURRENT_PROJECT_VERSION = 1;
				GENERATE_INFOPLIST_FILE = YES;
				INFOPLIST_FILE = UrquizoSoundBoard/Info.plist;
				INFOPLIST_KEY_UIApplicationSupportsIndirectInputEvents = YES;
				INFOPLIST_KEY_UILaunchStoryboardName = LaunchScreen;
				INFOPLIST_KEY_UIMainStoryboardFile = Main;
				INFOPLIST_KEY_UISupportedInterfaceOrientations_iPad = "UIInterfaceOrientationPortrait UIInterfaceOrientationPortraitUpsideDown UIInterfaceOrientationLandscapeLeft UIInterfaceOrientationLandscapeRight";
				INFOPLIST_KEY_UISupportedInterfaceOrientations_iPhone = "UIInterfaceOrientationPortrait UIInterfaceOrientationLandscapeLeft UIInterfaceOrientationLandscapeRight";
				LD_RUNPATH_SEARCH_PATHS = (
					"$(inherited)",
					"@executable_path/Frameworks",
				);
				MARKETING_VERSION = 1.0;
				PRODUCT_BUNDLE_IDENTIFIER = miempresa.com.UrquizoSoundBoard;
				PRODUCT_NAME = "$(TARGET_NAME)";
				SWIFT_EMIT_LOC_STRINGS = YES;
				SWIFT_VERSION = 5.0;
				TARGETED_DEVICE_FAMILY = "1,2";
			};
			name = Debug;
		};
		CAB718712BF2CFB900D65539 /* Release */ = {
			isa = XCBuildConfiguration;
			buildSettings = {
				ASSETCATALOG_COMPILER_APPICON_NAME = AppIcon;
				ASSETCATALOG_COMPILER_GLOBAL_ACCENT_COLOR_NAME = AccentColor;
				CODE_SIGN_STYLE = Automatic;
				CURRENT_PROJECT_VERSION = 1;
				GENERATE_INFOPLIST_FILE = YES;
				INFOPLIST_FILE = UrquizoSoundBoard/Info.plist;
				INFOPLIST_KEY_UIApplicationSupportsIndirectInputEvents = YES;
				INFOPLIST_KEY_UILaunchStoryboardName = LaunchScreen;
				INFOPLIST_KEY_UIMainStoryboardFile = Main;
				INFOPLIST_KEY_UISupportedInterfaceOrientations_iPad = "UIInterfaceOrientationPortrait UIInterfaceOrientationPortraitUpsideDown UIInterfaceOrientationLandscapeLeft UIInterfaceOrientationLandscapeRight";
				INFOPLIST_KEY_UISupportedInterfaceOrientations_iPhone = "UIInterfaceOrientationPortrait UIInterfaceOrientationLandscapeLeft UIInterfaceOrientationLandscapeRight";
				LD_RUNPATH_SEARCH_PATHS = (
					"$(inherited)",
					"@executable_path/Frameworks",
				);
				MARKETING_VERSION = 1.0;
				PRODUCT_BUNDLE_IDENTIFIER = miempresa.com.UrquizoSoundBoard;
				PRODUCT_NAME = "$(TARGET_NAME)";
				SWIFT_EMIT_LOC_STRINGS = YES;
				SWIFT_VERSION = 5.0;
				TARGETED_DEVICE_FAMILY = "1,2";
			};
			name = Release;
		};
		CAB718732BF2CFB900D65539 /* Debug */ = {
			isa = XCBuildConfiguration;
			buildSettings = {
				ALWAYS_EMBED_SWIFT_STANDARD_LIBRARIES = YES;
				BUNDLE_LOADER = "$(TEST_HOST)";
				CODE_SIGN_STYLE = Automatic;
				CURRENT_PROJECT_VERSION = 1;
				GENERATE_INFOPLIST_FILE = YES;
				IPHONEOS_DEPLOYMENT_TARGET = 15.4;
				MARKETING_VERSION = 1.0;
				PRODUCT_BUNDLE_IDENTIFIER = miempresa.com.UrquizoSoundBoardTests;
				PRODUCT_NAME = "$(TARGET_NAME)";
				SWIFT_EMIT_LOC_STRINGS = NO;
				SWIFT_VERSION = 5.0;
				TARGETED_DEVICE_FAMILY = "1,2";
				TEST_HOST = "$(BUILT_PRODUCTS_DIR)/UrquizoSoundBoard.app/UrquizoSoundBoard";
			};
			name = Debug;
		};
		CAB718742BF2CFB900D65539 /* Release */ = {
			isa = XCBuildConfiguration;
			buildSettings = {
				ALWAYS_EMBED_SWIFT_STANDARD_LIBRARIES = YES;
				BUNDLE_LOADER = "$(TEST_HOST)";
				CODE_SIGN_STYLE = Automatic;
				CURRENT_PROJECT_VERSION = 1;
				GENERATE_INFOPLIST_FILE = YES;
				IPHONEOS_DEPLOYMENT_TARGET = 15.4;
				MARKETING_VERSION = 1.0;
				PRODUCT_BUNDLE_IDENTIFIER = miempresa.com.UrquizoSoundBoardTests;
				PRODUCT_NAME = "$(TARGET_NAME)";
				SWIFT_EMIT_LOC_STRINGS = NO;
				SWIFT_VERSION = 5.0;
				TARGETED_DEVICE_FAMILY = "1,2";
				TEST_HOST = "$(BUILT_PRODUCTS_DIR)/UrquizoSoundBoard.app/UrquizoSoundBoard";
			};
			name = Release;
		};
		CAB718762BF2CFB900D65539 /* Debug */ = {
			isa = XCBuildConfiguration;
			buildSettings = {
				ALWAYS_EMBED_SWIFT_STANDARD_LIBRARIES = YES;
				CODE_SIGN_STYLE = Automatic;
				CURRENT_PROJECT_VERSION = 1;
				GENERATE_INFOPLIST_FILE = YES;
				MARKETING_VERSION = 1.0;
				PRODUCT_BUNDLE_IDENTIFIER = miempresa.com.UrquizoSoundBoardUITests;
				PRODUCT_NAME = "$(TARGET_NAME)";
				SWIFT_EMIT_LOC_STRINGS = NO;
				SWIFT_VERSION = 5.0;
				TARGETED_DEVICE_FAMILY = "1,2";
				TEST_TARGET_NAME = UrquizoSoundBoard;
			};
			name = Debug;
		};
		CAB718772BF2CFB900D65539 /* Release */ = {
			isa = XCBuildConfiguration;
			buildSettings = {
				ALWAYS_EMBED_SWIFT_STANDARD_LIBRARIES = YES;
				CODE_SIGN_STYLE = Automatic;
				CURRENT_PROJECT_VERSION = 1;
				GENERATE_INFOPLIST_FILE = YES;
				MARKETING_VERSION = 1.0;
				PRODUCT_BUNDLE_IDENTIFIER = miempresa.com.UrquizoSoundBoardUITests;
				PRODUCT_NAME = "$(TARGET_NAME)";
				SWIFT_EMIT_LOC_STRINGS = NO;
				SWIFT_VERSION = 5.0;
				TARGETED_DEVICE_FAMILY = "1,2";
				TEST_TARGET_NAME = UrquizoSoundBoard;
			};
			name = Release;
		};
/* End XCBuildConfiguration section */

/* Begin XCConfigurationList section */
		CAB718402BF2CFB600D65539 /* Build configuration list for PBXProject "UrquizoSoundBoard" */ = {
			isa = XCConfigurationList;
			buildConfigurations = (
				CAB7186D2BF2CFB900D65539 /* Debug */,
				CAB7186E2BF2CFB900D65539 /* Release */,
			);
			defaultConfigurationIsVisible = 0;
			defaultConfigurationName = Release;
		};
		CAB7186F2BF2CFB900D65539 /* Build configuration list for PBXNativeTarget "UrquizoSoundBoard" */ = {
			isa = XCConfigurationList;
			buildConfigurations = (
				CAB718702BF2CFB900D65539 /* Debug */,
				CAB718712BF2CFB900D65539 /* Release */,
			);
			defaultConfigurationIsVisible = 0;
			defaultConfigurationName = Release;
		};
		CAB718722BF2CFB900D65539 /* Build configuration list for PBXNativeTarget "UrquizoSoundBoardTests" */ = {
			isa = XCConfigurationList;
			buildConfigurations = (
				CAB718732BF2CFB900D65539 /* Debug */,
				CAB718742BF2CFB900D65539 /* Release */,
			);
			defaultConfigurationIsVisible = 0;
			defaultConfigurationName = Release;
		};
		CAB718752BF2CFB900D65539 /* Build configuration list for PBXNativeTarget "UrquizoSoundBoardUITests" */ = {
			isa = XCConfigurationList;
			buildConfigurations = (
				CAB718762BF2CFB900D65539 /* Debug */,
				CAB718772BF2CFB900D65539 /* Release */,
			);
			defaultConfigurationIsVisible = 0;
			defaultConfigurationName = Release;
		};
/* End XCConfigurationList section */
	};
	rootObject = CAB7183D2BF2CFB600D65539 /* Project object */;
}
